{
  "name": "web",
  "lockfileVersion": 3,
  "requires": true,
  "packages": {
    "": {
      "dependencies": {
        "tyme4ts": "^1.3.4"
      }
    },
    "node_modules/tyme4ts": {
      "version": "1.3.4",
      "resolved": "https://registry.npmjs.org/tyme4ts/-/tyme4ts-1.3.4.tgz",
      "integrity": "sha512-bzD1E7AV2V566ki5p46PLYREFLiavPVs15NDHrMihats8EnUQf6mJ0bICHJ67nL3aMwkOJG0tXXUvOGptnrbfQ==",
      "license": "MIT"
    }
  }
}
